
Microsoft Visual Studio Solution File, Format Version 12.00
# Visual Studio 14
VisualStudioVersion = 14.0.25420.1
MinimumVisualStudioVersion = 10.0.40219.1
Project("{FAE04EC0-301F-11D3-BF4B-00C04F79EFBC}") = "DDD.Core", "DDD.Core\DDD.Core.csproj", "{451DB83C-F7AC-4734-A21E-EE9837FA464B}"
EndProject
Project("{FAE04EC0-301F-11D3-BF4B-00C04F79EFBC}") = "DDD.ConsoleApp", "DDD.ConsoleApp\DDD.ConsoleApp.csproj", "{2D1BB38B-FF38-41E5-BACC-96A1EAD970DE}"
EndProject
Project("{FAE04EC0-301F-11D3-BF4B-00C04F79EFBC}") = "DDD.Domain", "DDD.Domain\DDD.Domain.csproj", "{CA3C16AA-6024-49BD-BA99-22128BA2398F}"
EndProject
Project("{FAE04EC0-301F-11D3-BF4B-00C04F79EFBC}") = "DDD.IOC", "DDD.IOC\DDD.IOC.csproj", "{453D698D-1797-4D39-AD12-A0EF5E3A48A3}"
EndProject
Project("{FAE04EC0-301F-11D3-BF4B-00C04F79EFBC}") = "DDD.IOC.Test", "DDD.IOC.Test\DDD.IOC.Test.csproj", "{53647EEE-C39A-4357-A7A5-A53E4D280143}"
EndProject
Project("{FAE04EC0-301F-11D3-BF4B-00C04F79EFBC}") = "DDD.IOC.StructureMap", "DDD.IOC.StructureMap\DDD.IOC.StructureMap.csproj", "{3686856C-54B0-4943-9090-FBFAA31A8C5E}"
EndProject
Project("{FAE04EC0-301F-11D3-BF4B-00C04F79EFBC}") = "DDD.MsSql", "DDD.MsSql\DDD.MsSql.csproj", "{B72BC970-0053-45F1-8B4A-18438AC526A2}"
EndProject
Project("{FAE04EC0-301F-11D3-BF4B-00C04F79EFBC}") = "DDD.RabbitMQ", "DDD.RabbitMQ\DDD.RabbitMQ.csproj", "{A924EB96-4D7F-46CE-B1F0-0E3BB7CDDED4}"
EndProject
Project("{FAE04EC0-301F-11D3-BF4B-00C04F79EFBC}") = "DDD.ElasticSearch", "DDD.ElasticSearch\DDD.ElasticSearch.csproj", "{D1F22709-D485-4A5F-B002-3AA994F9B888}"
EndProject
Project("{FAE04EC0-301F-11D3-BF4B-00C04F79EFBC}") = "DDD.IOC.Autofac", "DDD.IOC.Autofac\DDD.IOC.Autofac.csproj", "{83F023AC-07AC-4056-AFB6-E80BB51BA3EF}"
EndProject
Project("{FAE04EC0-301F-11D3-BF4B-00C04F79EFBC}") = "DDD.LocalFile", "DDD.LocalFile\DDD.LocalFile.csproj", "{F718E8E8-8D05-4196-9623-D4C2F4E82525}"
EndProject
Project("{FAE04EC0-301F-11D3-BF4B-00C04F79EFBC}") = "DDD.Builder", "DDD.Builder\DDD.Builder.csproj", "{85FAF612-9FBC-4F86-8559-B3A4A23B4266}"
EndProject
Project("{FAE04EC0-301F-11D3-BF4B-00C04F79EFBC}") = "DDD.Redis", "DDD.Redis\DDD.Redis.csproj", "{51486559-A218-49E9-925E-E265D5AF4862}"
EndProject
Project("{FAE04EC0-301F-11D3-BF4B-00C04F79EFBC}") = "DDD.MsSql.Domain", "DDD.MsSql.Domain\DDD.MsSql.Domain.csproj", "{1C834EEC-2D06-4F57-B41D-BC7502823EC3}"
EndProject
Project("{FAE04EC0-301F-11D3-BF4B-00C04F79EFBC}") = "DDD.MsSql.Domain.Test", "DDD.MsSql.Domain.Test\DDD.MsSql.Domain.Test.csproj", "{AE990D6A-C221-4255-AB25-8181F922905F}"
EndProject
Project("{FAE04EC0-301F-11D3-BF4B-00C04F79EFBC}") = "DDD.Mongo", "DDD.Mongo\DDD.Mongo.csproj", "{D732AD23-AFD3-4DC5-9492-15BE2DE3F7F8}"
EndProject
Project("{FAE04EC0-301F-11D3-BF4B-00C04F79EFBC}") = "DDD.Comos", "DDD.Comos\DDD.Comos.csproj", "{AACF03D4-39A2-431A-BA48-86F5ABF61AEB}"
EndProject
Project("{FAE04EC0-301F-11D3-BF4B-00C04F79EFBC}") = "DDD.Mongo.Test", "DDD.Mongo.Test\DDD.Mongo.Test.csproj", "{F73F1B24-F760-489E-BAF6-6CED66C3F539}"
EndProject
Global
	GlobalSection(SolutionConfigurationPlatforms) = preSolution
		Debug|Any CPU = Debug|Any CPU
		Release|Any CPU = Release|Any CPU
	EndGlobalSection
	GlobalSection(ProjectConfigurationPlatforms) = postSolution
		{451DB83C-F7AC-4734-A21E-EE9837FA464B}.Debug|Any CPU.ActiveCfg = Debug|Any CPU
		{451DB83C-F7AC-4734-A21E-EE9837FA464B}.Debug|Any CPU.Build.0 = Debug|Any CPU
		{451DB83C-F7AC-4734-A21E-EE9837FA464B}.Release|Any CPU.ActiveCfg = Release|Any CPU
		{451DB83C-F7AC-4734-A21E-EE9837FA464B}.Release|Any CPU.Build.0 = Release|Any CPU
		{2D1BB38B-FF38-41E5-BACC-96A1EAD970DE}.Debug|Any CPU.ActiveCfg = Debug|Any CPU
		{2D1BB38B-FF38-41E5-BACC-96A1EAD970DE}.Debug|Any CPU.Build.0 = Debug|Any CPU
		{2D1BB38B-FF38-41E5-BACC-96A1EAD970DE}.Release|Any CPU.ActiveCfg = Release|Any CPU
		{2D1BB38B-FF38-41E5-BACC-96A1EAD970DE}.Release|Any CPU.Build.0 = Release|Any CPU
		{CA3C16AA-6024-49BD-BA99-22128BA2398F}.Debug|Any CPU.ActiveCfg = Debug|Any CPU
		{CA3C16AA-6024-49BD-BA99-22128BA2398F}.Debug|Any CPU.Build.0 = Debug|Any CPU
		{CA3C16AA-6024-49BD-BA99-22128BA2398F}.Release|Any CPU.ActiveCfg = Release|Any CPU
		{CA3C16AA-6024-49BD-BA99-22128BA2398F}.Release|Any CPU.Build.0 = Release|Any CPU
		{453D698D-1797-4D39-AD12-A0EF5E3A48A3}.Debug|Any CPU.ActiveCfg = Debug|Any CPU
		{453D698D-1797-4D39-AD12-A0EF5E3A48A3}.Debug|Any CPU.Build.0 = Debug|Any CPU
		{453D698D-1797-4D39-AD12-A0EF5E3A48A3}.Release|Any CPU.ActiveCfg = Release|Any CPU
		{453D698D-1797-4D39-AD12-A0EF5E3A48A3}.Release|Any CPU.Build.0 = Release|Any CPU
		{53647EEE-C39A-4357-A7A5-A53E4D280143}.Debug|Any CPU.ActiveCfg = Debug|Any CPU
		{53647EEE-C39A-4357-A7A5-A53E4D280143}.Debug|Any CPU.Build.0 = Debug|Any CPU
		{53647EEE-C39A-4357-A7A5-A53E4D280143}.Release|Any CPU.ActiveCfg = Release|Any CPU
		{53647EEE-C39A-4357-A7A5-A53E4D280143}.Release|Any CPU.Build.0 = Release|Any CPU
		{3686856C-54B0-4943-9090-FBFAA31A8C5E}.Debug|Any CPU.ActiveCfg = Debug|Any CPU
		{3686856C-54B0-4943-9090-FBFAA31A8C5E}.Debug|Any CPU.Build.0 = Debug|Any CPU
		{3686856C-54B0-4943-9090-FBFAA31A8C5E}.Release|Any CPU.ActiveCfg = Release|Any CPU
		{3686856C-54B0-4943-9090-FBFAA31A8C5E}.Release|Any CPU.Build.0 = Release|Any CPU
		{B72BC970-0053-45F1-8B4A-18438AC526A2}.Debug|Any CPU.ActiveCfg = Debug|Any CPU
		{B72BC970-0053-45F1-8B4A-18438AC526A2}.Debug|Any CPU.Build.0 = Debug|Any CPU
		{B72BC970-0053-45F1-8B4A-18438AC526A2}.Release|Any CPU.ActiveCfg = Release|Any CPU
		{B72BC970-0053-45F1-8B4A-18438AC526A2}.Release|Any CPU.Build.0 = Release|Any CPU
		{A924EB96-4D7F-46CE-B1F0-0E3BB7CDDED4}.Debug|Any CPU.ActiveCfg = Debug|Any CPU
		{A924EB96-4D7F-46CE-B1F0-0E3BB7CDDED4}.Debug|Any CPU.Build.0 = Debug|Any CPU
		{A924EB96-4D7F-46CE-B1F0-0E3BB7CDDED4}.Release|Any CPU.ActiveCfg = Release|Any CPU
		{A924EB96-4D7F-46CE-B1F0-0E3BB7CDDED4}.Release|Any CPU.Build.0 = Release|Any CPU
		{D1F22709-D485-4A5F-B002-3AA994F9B888}.Debug|Any CPU.ActiveCfg = Debug|Any CPU
		{D1F22709-D485-4A5F-B002-3AA994F9B888}.Debug|Any CPU.Build.0 = Debug|Any CPU
		{D1F22709-D485-4A5F-B002-3AA994F9B888}.Release|Any CPU.ActiveCfg = Release|Any CPU
		{D1F22709-D485-4A5F-B002-3AA994F9B888}.Release|Any CPU.Build.0 = Release|Any CPU
		{83F023AC-07AC-4056-AFB6-E80BB51BA3EF}.Debug|Any CPU.ActiveCfg = Debug|Any CPU
		{83F023AC-07AC-4056-AFB6-E80BB51BA3EF}.Debug|Any CPU.Build.0 = Debug|Any CPU
		{83F023AC-07AC-4056-AFB6-E80BB51BA3EF}.Release|Any CPU.ActiveCfg = Release|Any CPU
		{83F023AC-07AC-4056-AFB6-E80BB51BA3EF}.Release|Any CPU.Build.0 = Release|Any CPU
		{F718E8E8-8D05-4196-9623-D4C2F4E82525}.Debug|Any CPU.ActiveCfg = Debug|Any CPU
		{F718E8E8-8D05-4196-9623-D4C2F4E82525}.Debug|Any CPU.Build.0 = Debug|Any CPU
		{F718E8E8-8D05-4196-9623-D4C2F4E82525}.Release|Any CPU.ActiveCfg = Release|Any CPU
		{F718E8E8-8D05-4196-9623-D4C2F4E82525}.Release|Any CPU.Build.0 = Release|Any CPU
		{85FAF612-9FBC-4F86-8559-B3A4A23B4266}.Debug|Any CPU.ActiveCfg = Debug|Any CPU
		{85FAF612-9FBC-4F86-8559-B3A4A23B4266}.Debug|Any CPU.Build.0 = Debug|Any CPU
		{85FAF612-9FBC-4F86-8559-B3A4A23B4266}.Release|Any CPU.ActiveCfg = Release|Any CPU
		{85FAF612-9FBC-4F86-8559-B3A4A23B4266}.Release|Any CPU.Build.0 = Release|Any CPU
		{51486559-A218-49E9-925E-E265D5AF4862}.Debug|Any CPU.ActiveCfg = Debug|Any CPU
		{51486559-A218-49E9-925E-E265D5AF4862}.Debug|Any CPU.Build.0 = Debug|Any CPU
		{51486559-A218-49E9-925E-E265D5AF4862}.Release|Any CPU.ActiveCfg = Release|Any CPU
		{51486559-A218-49E9-925E-E265D5AF4862}.Release|Any CPU.Build.0 = Release|Any CPU
		{1C834EEC-2D06-4F57-B41D-BC7502823EC3}.Debug|Any CPU.ActiveCfg = Debug|Any CPU
		{1C834EEC-2D06-4F57-B41D-BC7502823EC3}.Debug|Any CPU.Build.0 = Debug|Any CPU
		{1C834EEC-2D06-4F57-B41D-BC7502823EC3}.Release|Any CPU.ActiveCfg = Release|Any CPU
		{1C834EEC-2D06-4F57-B41D-BC7502823EC3}.Release|Any CPU.Build.0 = Release|Any CPU
		{AE990D6A-C221-4255-AB25-8181F922905F}.Debug|Any CPU.ActiveCfg = Debug|Any CPU
		{AE990D6A-C221-4255-AB25-8181F922905F}.Debug|Any CPU.Build.0 = Debug|Any CPU
		{AE990D6A-C221-4255-AB25-8181F922905F}.Release|Any CPU.ActiveCfg = Release|Any CPU
		{AE990D6A-C221-4255-AB25-8181F922905F}.Release|Any CPU.Build.0 = Release|Any CPU
		{D732AD23-AFD3-4DC5-9492-15BE2DE3F7F8}.Debug|Any CPU.ActiveCfg = Debug|Any CPU
		{D732AD23-AFD3-4DC5-9492-15BE2DE3F7F8}.Debug|Any CPU.Build.0 = Debug|Any CPU
		{D732AD23-AFD3-4DC5-9492-15BE2DE3F7F8}.Release|Any CPU.ActiveCfg = Release|Any CPU
		{D732AD23-AFD3-4DC5-9492-15BE2DE3F7F8}.Release|Any CPU.Build.0 = Release|Any CPU
		{AACF03D4-39A2-431A-BA48-86F5ABF61AEB}.Debug|Any CPU.ActiveCfg = Debug|Any CPU
		{AACF03D4-39A2-431A-BA48-86F5ABF61AEB}.Debug|Any CPU.Build.0 = Debug|Any CPU
		{AACF03D4-39A2-431A-BA48-86F5ABF61AEB}.Release|Any CPU.ActiveCfg = Release|Any CPU
		{AACF03D4-39A2-431A-BA48-86F5ABF61AEB}.Release|Any CPU.Build.0 = Release|Any CPU
		{F73F1B24-F760-489E-BAF6-6CED66C3F539}.Debug|Any CPU.ActiveCfg = Debug|Any CPU
		{F73F1B24-F760-489E-BAF6-6CED66C3F539}.Debug|Any CPU.Build.0 = Debug|Any CPU
		{F73F1B24-F760-489E-BAF6-6CED66C3F539}.Release|Any CPU.ActiveCfg = Release|Any CPU
		{F73F1B24-F760-489E-BAF6-6CED66C3F539}.Release|Any CPU.Build.0 = Release|Any CPU
	EndGlobalSection
	GlobalSection(SolutionProperties) = preSolution
		HideSolutionNode = FALSE
	EndGlobalSection
EndGlobal
